
Microsoft Visual Studio Solution File, Format Version 12.00
# Visual Studio Version 17
VisualStudioVersion = 17.8.34330.188
MinimumVisualStudioVersion = 10.0.40219.1
Project("{FAE04EC0-301F-11D3-BF4B-00C04F79EFBC}") = "MVC - Internet programirane", "MVC - Internet programirane\MVC - Internet programirane.csproj", "{B4482F0E-3509-434C-860A-E6E2D3AAF665}"
EndProject
Global
	GlobalSection(SolutionConfigurationPlatforms) = preSolution
		Debug|Any CPU = Debug|Any CPU
		Release|Any CPU = Release|Any CPU
	EndGlobalSection
	GlobalSection(ProjectConfigurationPlatforms) = postSolution
		{B4482F0E-3509-434C-860A-E6E2D3AAF665}.Debug|Any CPU.ActiveCfg = Debug|Any CPU
		{B4482F0E-3509-434C-860A-E6E2D3AAF665}.Debug|Any CPU.Build.0 = Debug|Any CPU
		{B4482F0E-3509-434C-860A-E6E2D3AAF665}.Release|Any CPU.ActiveCfg = Release|Any CPU
		{B4482F0E-3509-434C-860A-E6E2D3AAF665}.Release|Any CPU.Build.0 = Release|Any CPU
	EndGlobalSection
	GlobalSection(SolutionProperties) = preSolution
		HideSolutionNode = FALSE
	EndGlobalSection
	GlobalSection(ExtensibilityGlobals) = postSolution
		SolutionGuid = {040C7E57-3474-4926-B267-57C620F723ED}
	EndGlobalSection
EndGlobal
